
Microsoft Visual Studio Solution File, Format Version 12.00
# Visual Studio Version 17
VisualStudioVersion = 17.14.36203.30 d17.14
MinimumVisualStudioVersion = 10.0.40219.1
Project("{FAE04EC0-301F-11D3-BF4B-00C04F79EFBC}") = "Yu_IT202WM_LABACT1_FINAL", "Yu_IT202WM_LABACT1_FINAL\Yu_IT202WM_LABACT1_FINAL.csproj", "{88783F49-7122-42D5-92D7-5358DF80D56D}"
EndProject
Global
	GlobalSection(SolutionConfigurationPlatforms) = preSolution
		Debug|Any CPU = Debug|Any CPU
		Release|Any CPU = Release|Any CPU
	EndGlobalSection
	GlobalSection(ProjectConfigurationPlatforms) = postSolution
		{88783F49-7122-42D5-92D7-5358DF80D56D}.Debug|Any CPU.ActiveCfg = Debug|Any CPU
		{88783F49-7122-42D5-92D7-5358DF80D56D}.Debug|Any CPU.Build.0 = Debug|Any CPU
		{88783F49-7122-42D5-92D7-5358DF80D56D}.Release|Any CPU.ActiveCfg = Release|Any CPU
		{88783F49-7122-42D5-92D7-5358DF80D56D}.Release|Any CPU.Build.0 = Release|Any CPU
	EndGlobalSection
	GlobalSection(SolutionProperties) = preSolution
		HideSolutionNode = FALSE
	EndGlobalSection
	GlobalSection(ExtensibilityGlobals) = postSolution
		SolutionGuid = {E4E166A2-8BCD-4650-BD54-7DF1A10E0E2F}
	EndGlobalSection
EndGlobal
